
Microsoft Visual Studio Solution File, Format Version 12.00
# Visual Studio Version 17
VisualStudioVersion = 17.9.34414.90
MinimumVisualStudioVersion = 10.0.40219.1
Project("{FAE04EC0-301F-11D3-BF4B-00C04F79EFBC}") = "Service", "Service\Service.csproj", "{2D1CB35A-81B7-4886-9DF9-5BDB3869EAFE}"
EndProject
Project("{FAE04EC0-301F-11D3-BF4B-00C04F79EFBC}") = "Server", "Server\Server.csproj", "{768753FF-6C59-49CE-B345-830B9E51BBD9}"
EndProject
Project("{FAE04EC0-301F-11D3-BF4B-00C04F79EFBC}") = "Shared", "Shared\Shared.csproj", "{40FBC3EC-536F-4022-B585-25B34ABA6C6F}"
EndProject
Global
	GlobalSection(SolutionConfigurationPlatforms) = preSolution
		Debug|Any CPU = Debug|Any CPU
		Release|Any CPU = Release|Any CPU
	EndGlobalSection
	GlobalSection(ProjectConfigurationPlatforms) = postSolution
		{2D1CB35A-81B7-4886-9DF9-5BDB3869EAFE}.Debug|Any CPU.ActiveCfg = Debug|Any CPU
		{2D1CB35A-81B7-4886-9DF9-5BDB3869EAFE}.Debug|Any CPU.Build.0 = Debug|Any CPU
		{2D1CB35A-81B7-4886-9DF9-5BDB3869EAFE}.Release|Any CPU.ActiveCfg = Release|Any CPU
		{2D1CB35A-81B7-4886-9DF9-5BDB3869EAFE}.Release|Any CPU.Build.0 = Release|Any CPU
		{768753FF-6C59-49CE-B345-830B9E51BBD9}.Debug|Any CPU.ActiveCfg = Debug|Any CPU
		{768753FF-6C59-49CE-B345-830B9E51BBD9}.Debug|Any CPU.Build.0 = Debug|Any CPU
		{768753FF-6C59-49CE-B345-830B9E51BBD9}.Release|Any CPU.ActiveCfg = Release|Any CPU
		{768753FF-6C59-49CE-B345-830B9E51BBD9}.Release|Any CPU.Build.0 = Release|Any CPU
		{40FBC3EC-536F-4022-B585-25B34ABA6C6F}.Debug|Any CPU.ActiveCfg = Debug|Any CPU
		{40FBC3EC-536F-4022-B585-25B34ABA6C6F}.Debug|Any CPU.Build.0 = Debug|Any CPU
		{40FBC3EC-536F-4022-B585-25B34ABA6C6F}.Release|Any CPU.ActiveCfg = Release|Any CPU
		{40FBC3EC-536F-4022-B585-25B34ABA6C6F}.Release|Any CPU.Build.0 = Release|Any CPU
	EndGlobalSection
	GlobalSection(SolutionProperties) = preSolution
		HideSolutionNode = FALSE
	EndGlobalSection
	GlobalSection(ExtensibilityGlobals) = postSolution
		SolutionGuid = {9FBAE9B5-2665-49E7-AFBF-CDC14150B11D}
	EndGlobalSection
EndGlobal
